// !$*UTF8*$!
{
	archiveVersion = 1;
	classes = {
	};
	objectVersion = 50;
	objects = {

/* Begin PBXBuildFile section */
		ABCB1B7B26270A7E0098A97B /* TabBarController.swift in Sources */ = {isa = PBXBuildFile; fileRef = ABCB1B7A26270A7E0098A97B /* TabBarController.swift */; };
		ABE1B3A22625BD2600740F1E /* AppDelegate.swift in Sources */ = {isa = PBXBuildFile; fileRef = ABE1B3A12625BD2600740F1E /* AppDelegate.swift */; };
		ABE1B3A42625BD2600740F1E /* SceneDelegate.swift in Sources */ = {isa = PBXBuildFile; fileRef = ABE1B3A32625BD2600740F1E /* SceneDelegate.swift */; };
		ABE1B3A92625BD2600740F1E /* Main.storyboard in Resources */ = {isa = PBXBuildFile; fileRef = ABE1B3A72625BD2600740F1E /* Main.storyboard */; };
		ABE1B3AB2625BD2900740F1E /* Assets.xcassets in Resources */ = {isa = PBXBuildFile; fileRef = ABE1B3AA2625BD2900740F1E /* Assets.xcassets */; };
		ABE1B3AE2625BD2900740F1E /* LaunchScreen.storyboard in Resources */ = {isa = PBXBuildFile; fileRef = ABE1B3AC2625BD2900740F1E /* LaunchScreen.storyboard */; };
		ABE1B3B82625BEAB00740F1E /* PersonsListViewController.swift in Sources */ = {isa = PBXBuildFile; fileRef = ABE1B3B72625BEAB00740F1E /* PersonsListViewController.swift */; };
		ABE1B3BC2625C4CC00740F1E /* PersonsInfoListViewController.swift in Sources */ = {isa = PBXBuildFile; fileRef = ABE1B3BB2625C4CC00740F1E /* PersonsInfoListViewController.swift */; };
		ABE1B3BF2625C5D100740F1E /* Person.swift in Sources */ = {isa = PBXBuildFile; fileRef = ABE1B3BE2625C5D100740F1E /* Person.swift */; };
		ABE1B3C22625C79300740F1E /* DataManager.swift in Sources */ = {isa = PBXBuildFile; fileRef = ABE1B3C12625C79300740F1E /* DataManager.swift */; };
		ABE1B3C52625C9BF00740F1E /* PersonDetailsViewController.swift in Sources */ = {isa = PBXBuildFile; fileRef = ABE1B3C42625C9BF00740F1E /* PersonDetailsViewController.swift */; };
/* End PBXBuildFile section */

/* Begin PBXFileReference section */
		ABCB1B7A26270A7E0098A97B /* TabBarController.swift */ = {isa = PBXFileReference; lastKnownFileType = sourcecode.swift; path = TabBarController.swift; sourceTree = "<group>"; };
		ABE1B39E2625BD2600740F1E /* PersonsListApp.app */ = {isa = PBXFileReference; explicitFileType = wrapper.application; includeInIndex = 0; path = PersonsListApp.app; sourceTree = BUILT_PRODUCTS_DIR; };
		ABE1B3A12625BD2600740F1E /* AppDelegate.swift */ = {isa = PBXFileReference; lastKnownFileType = sourcecode.swift; path = AppDelegate.swift; sourceTree = "<group>"; };
		ABE1B3A32625BD2600740F1E /* SceneDelegate.swift */ = {isa = PBXFileReference; lastKnownFileType = sourcecode.swift; path = SceneDelegate.swift; sourceTree = "<group>"; };
		ABE1B3A82625BD2600740F1E /* Base */ = {isa = PBXFileReference; lastKnownFileType = file.storyboard; name = Base; path = Base.lproj/Main.storyboard; sourceTree = "<group>"; };
		ABE1B3AA2625BD2900740F1E /* Assets.xcassets */ = {isa = PBXFileReference; lastKnownFileType = folder.assetcatalog; path = Assets.xcassets; sourceTree = "<group>"; };
		ABE1B3AD2625BD2900740F1E /* Base */ = {isa = PBXFileReference; lastKnownFileType = file.storyboard; name = Base; path = Base.lproj/LaunchScreen.storyboard; sourceTree = "<group>"; };
		ABE1B3AF2625BD2900740F1E /* Info.plist */ = {isa = PBXFileReference; lastKnownFileType = text.plist.xml; path = Info.plist; sourceTree = "<group>"; };
		ABE1B3B72625BEAB00740F1E /* PersonsListViewController.swift */ = {isa = PBXFileReference; lastKnownFileType = sourcecode.swift; path = PersonsListViewController.swift; sourceTree = "<group>"; };
		ABE1B3BB2625C4CC00740F1E /* PersonsInfoListViewController.swift */ = {isa = PBXFileReference; lastKnownFileType = sourcecode.swift; path = PersonsInfoListViewController.swift; sourceTree = "<group>"; };
		ABE1B3BE2625C5D100740F1E /* Person.swift */ = {isa = PBXFileReference; lastKnownFileType = sourcecode.swift; path = Person.swift; sourceTree = "<group>"; };
		ABE1B3C12625C79300740F1E /* DataManager.swift */ = {isa = PBXFileReference; lastKnownFileType = sourcecode.swift; path = DataManager.swift; sourceTree = "<group>"; };
		ABE1B3C42625C9BF00740F1E /* PersonDetailsViewController.swift */ = {isa = PBXFileReference; lastKnownFileType = sourcecode.swift; path = PersonDetailsViewController.swift; sourceTree = "<group>"; };
/* End PBXFileReference section */

/* Begin PBXFrameworksBuildPhase section */
		ABE1B39B2625BD2600740F1E /* Frameworks */ = {
			isa = PBXFrameworksBuildPhase;
			buildActionMask = 2147483647;
			files = (
			);
			runOnlyForDeploymentPostprocessing = 0;
		};
/* End PBXFrameworksBuildPhase section */

/* Begin PBXGroup section */
		ABCB1B7E2627102C0098A97B /* Controllers */ = {
			isa = PBXGroup;
			children = (
				ABCB1B7A26270A7E0098A97B /* TabBarController.swift */,
				ABE1B3C42625C9BF00740F1E /* PersonDetailsViewController.swift */,
				ABE1B3BB2625C4CC00740F1E /* PersonsInfoListViewController.swift */,
				ABE1B3B72625BEAB00740F1E /* PersonsListViewController.swift */,
			);
			path = Controllers;
			sourceTree = "<group>";
		};
		ABCB1B802627103A0098A97B /* Models */ = {
			isa = PBXGroup;
			children = (
				ABE1B3BE2625C5D100740F1E /* Person.swift */,
			);
			path = Models;
			sourceTree = "<group>";
		};
		ABCB1B81262710430098A97B /* Data managers */ = {
			isa = PBXGroup;
			children = (
				ABE1B3C12625C79300740F1E /* DataManager.swift */,
			);
			path = "Data managers";
			sourceTree = "<group>";
		};
		ABCB1B832627105B0098A97B /* Storyboards */ = {
			isa = PBXGroup;
			children = (
				ABE1B3A72625BD2600740F1E /* Main.storyboard */,
				ABE1B3AC2625BD2900740F1E /* LaunchScreen.storyboard */,
			);
			path = Storyboards;
			sourceTree = "<group>";
		};
		ABCB1B84262710710098A97B /* Resourses */ = {
			isa = PBXGroup;
			children = (
				ABE1B3AA2625BD2900740F1E /* Assets.xcassets */,
			);
			path = Resourses;
			sourceTree = "<group>";
		};
		ABCB1B852627107D0098A97B /* Support */ = {
			isa = PBXGroup;
			children = (
				ABE1B3A12625BD2600740F1E /* AppDelegate.swift */,
				ABE1B3A32625BD2600740F1E /* SceneDelegate.swift */,
				ABE1B3AF2625BD2900740F1E /* Info.plist */,
			);
			path = Support;
			sourceTree = "<group>";
		};
		ABE1B3952625BD2500740F1E = {
			isa = PBXGroup;
			children = (
				ABE1B3A02625BD2600740F1E /* PersonsListApp */,
				ABE1B39F2625BD2600740F1E /* Products */,
			);
			sourceTree = "<group>";
		};
		ABE1B39F2625BD2600740F1E /* Products */ = {
			isa = PBXGroup;
			children = (
				ABE1B39E2625BD2600740F1E /* PersonsListApp.app */,
			);
			name = Products;
			sourceTree = "<group>";
		};
		ABE1B3A02625BD2600740F1E /* PersonsListApp */ = {
			isa = PBXGroup;
			children = (
				ABCB1B852627107D0098A97B /* Support */,
				ABCB1B832627105B0098A97B /* Storyboards */,
				ABCB1B7E2627102C0098A97B /* Controllers */,
				ABCB1B802627103A0098A97B /* Models */,
				ABCB1B81262710430098A97B /* Data managers */,
				ABCB1B84262710710098A97B /* Resourses */,
			);
			path = PersonsListApp;
			sourceTree = "<group>";
		};
/* End PBXGroup section */

/* Begin PBXNativeTarget section */
		ABE1B39D2625BD2600740F1E /* PersonsListApp */ = {
			isa = PBXNativeTarget;
			buildConfigurationList = ABE1B3B22625BD2900740F1E /* Build configuration list for PBXNativeTarget "PersonsListApp" */;
			buildPhases = (
				ABE1B39A2625BD2600740F1E /* Sources */,
				ABE1B39B2625BD2600740F1E /* Frameworks */,
				ABE1B39C2625BD2600740F1E /* Resources */,
			);
			buildRules = (
			);
			dependencies = (
			);
			name = PersonsListApp;
			productName = PersonsListApp;
			productReference = ABE1B39E2625BD2600740F1E /* PersonsListApp.app */;
			productType = "com.apple.product-type.application";
		};
/* End PBXNativeTarget section */

/* Begin PBXProject section */
		ABE1B3962625BD2600740F1E /* Project object */ = {
			isa = PBXProject;
			attributes = {
				LastSwiftUpdateCheck = 1240;
				LastUpgradeCheck = 1240;
				TargetAttributes = {
					ABE1B39D2625BD2600740F1E = {
						CreatedOnToolsVersion = 12.4;
					};
				};
			};
			buildConfigurationList = ABE1B3992625BD2600740F1E /* Build configuration list for PBXProject "PersonsListApp" */;
			compatibilityVersion = "Xcode 9.3";
			developmentRegion = en;
			hasScannedForEncodings = 0;
			knownRegions = (
				en,
				Base,
			);
			mainGroup = ABE1B3952625BD2500740F1E;
			productRefGroup = ABE1B39F2625BD2600740F1E /* Products */;
			projectDirPath = "";
			projectRoot = "";
			targets = (
				ABE1B39D2625BD2600740F1E /* PersonsListApp */,
			);
		};
/* End PBXProject section */

/* Begin PBXResourcesBuildPhase section */
		ABE1B39C2625BD2600740F1E /* Resources */ = {
			isa = PBXResourcesBuildPhase;
			buildActionMask = 2147483647;
			files = (
				ABE1B3AE2625BD2900740F1E /* LaunchScreen.storyboard in Resources */,
				ABE1B3AB2625BD2900740F1E /* Assets.xcassets in Resources */,
				ABE1B3A92625BD2600740F1E /* Main.storyboard in Resources */,
			);
			runOnlyForDeploymentPostprocessing = 0;
		};
/* End PBXResourcesBuildPhase section */

/* Begin PBXSourcesBuildPhase section */
		ABE1B39A2625BD2600740F1E /* Sources */ = {
			isa = PBXSourcesBuildPhase;
			buildActionMask = 2147483647;
			files = (
				ABE1B3BF2625C5D100740F1E /* Person.swift in Sources */,
				ABE1B3C22625C79300740F1E /* DataManager.swift in Sources */,
				ABE1B3A22625BD2600740F1E /* AppDelegate.swift in Sources */,
				ABCB1B7B26270A7E0098A97B /* TabBarController.swift in Sources */,
				ABE1B3B82625BEAB00740F1E /* PersonsListViewController.swift in Sources */,
				ABE1B3A42625BD2600740F1E /* SceneDelegate.swift in Sources */,
				ABE1B3BC2625C4CC00740F1E /* PersonsInfoListViewController.swift in Sources */,
				ABE1B3C52625C9BF00740F1E /* PersonDetailsViewController.swift in Sources */,
			);
			runOnlyForDeploymentPostprocessing = 0;
		};
/* End PBXSourcesBuildPhase section */

/* Begin PBXVariantGroup section */
		ABE1B3A72625BD2600740F1E /* Main.storyboard */ = {
			isa = PBXVariantGroup;
			children = (
				ABE1B3A82625BD2600740F1E /* Base */,
			);
			name = Main.storyboard;
			sourceTree = "<group>";
		};
		ABE1B3AC2625BD2900740F1E /* LaunchScreen.storyboard */ = {
			isa = PBXVariantGroup;
			children = (
				ABE1B3AD2625BD2900740F1E /* Base */,
			);
			name = LaunchScreen.storyboard;
			sourceTree = "<group>";
		};
/* End PBXVariantGroup section */

/* Begin XCBuildConfiguration section */
		ABE1B3B02625BD2900740F1E /* Debug */ = {
			isa = XCBuildConfiguration;
			buildSettings = {
				ALWAYS_SEARCH_USER_PATHS = NO;
				CLANG_ANALYZER_NONNULL = YES;
				CLANG_ANALYZER_NUMBER_OBJECT_CONVERSION = YES_AGGRESSIVE;
				CLANG_CXX_LANGUAGE_STANDARD = "gnu++14";
				CLANG_CXX_LIBRARY = "libc++";
				CLANG_ENABLE_MODULES = YES;
				CLANG_ENABLE_OBJC_ARC = YES;
				CLANG_ENABLE_OBJC_WEAK = YES;
				CLANG_WARN_BLOCK_CAPTURE_AUTORELEASING = YES;
				CLANG_WARN_BOOL_CONVERSION = YES;
				CLANG_WARN_COMMA = YES;
				CLANG_WARN_CONSTANT_CONVERSION = YES;
				CLANG_WARN_DEPRECATED_OBJC_IMPLEMENTATIONS = YES;
				CLANG_WARN_DIRECT_OBJC_ISA_USAGE = YES_ERROR;
				CLANG_WARN_DOCUMENTATION_COMMENTS = YES;
				CLANG_WARN_EMPTY_BODY = YES;
				CLANG_WARN_ENUM_CONVERSION = YES;
				CLANG_WARN_INFINITE_RECURSION = YES;
				CLANG_WARN_INT_CONVERSION = YES;
				CLANG_WARN_NON_LITERAL_NULL_CONVERSION = YES;
				CLANG_WARN_OBJC_IMPLICIT_RETAIN_SELF = YES;
				CLANG_WARN_OBJC_LITERAL_CONVERSION = YES;
				CLANG_WARN_OBJC_ROOT_CLASS = YES_ERROR;
				CLANG_WARN_QUOTED_INCLUDE_IN_FRAMEWORK_HEADER = YES;
				CLANG_WARN_RANGE_LOOP_ANALYSIS = YES;
				CLANG_WARN_STRICT_PROTOTYPES = YES;
				CLANG_WARN_SUSPICIOUS_MOVE = YES;
				CLANG_WARN_UNGUARDED_AVAILABILITY = YES_AGGRESSIVE;
				CLANG_WARN_UNREACHABLE_CODE = YES;
				CLANG_WARN__DUPLICATE_METHOD_MATCH = YES;
				COPY_PHASE_STRIP = NO;
				DEBUG_INFORMATION_FORMAT = dwarf;
				ENABLE_STRICT_OBJC_MSGSEND = YES;
				ENABLE_TESTABILITY = YES;
				GCC_C_LANGUAGE_STANDARD = gnu11;
				GCC_DYNAMIC_NO_PIC = NO;
				GCC_NO_COMMON_BLOCKS = YES;
				GCC_OPTIMIZATION_LEVEL = 0;
				GCC_PREPROCESSOR_DEFINITIONS = (
					"DEBUG=1",
					"$(inherited)",
				);
				GCC_WARN_64_TO_32_BIT_CONVERSION = YES;
				GCC_WARN_ABOUT_RETURN_TYPE = YES_ERROR;
				GCC_WARN_UNDECLARED_SELECTOR = YES;
				GCC_WARN_UNINITIALIZED_AUTOS = YES_AGGRESSIVE;
				GCC_WARN_UNUSED_FUNCTION = YES;
				GCC_WARN_UNUSED_VARIABLE = YES;
				IPHONEOS_DEPLOYMENT_TARGET = 14.4;
				MTL_ENABLE_DEBUG_INFO = INCLUDE_SOURCE;
				MTL_FAST_MATH = YES;
				ONLY_ACTIVE_ARCH = YES;
				SDKROOT = iphoneos;
				SWIFT_ACTIVE_COMPILATION_CONDITIONS = DEBUG;
				SWIFT_OPTIMIZATION_LEVEL = "-Onone";
			};
			name = Debug;
		};
		ABE1B3B12625BD2900740F1E /* Release */ = {
			isa = XCBuildConfiguration;
			buildSettings = {
				ALWAYS_SEARCH_USER_PATHS = NO;
				CLANG_ANALYZER_NONNULL = YES;
				CLANG_ANALYZER_NUMBER_OBJECT_CONVERSION = YES_AGGRESSIVE;
				CLANG_CXX_LANGUAGE_STANDARD = "gnu++14";
				CLANG_CXX_LIBRARY = "libc++";
				CLANG_ENABLE_MODULES = YES;
				CLANG_ENABLE_OBJC_ARC = YES;
				CLANG_ENABLE_OBJC_WEAK = YES;
				CLANG_WARN_BLOCK_CAPTURE_AUTORELEASING = YES;
				CLANG_WARN_BOOL_CONVERSION = YES;
				CLANG_WARN_COMMA = YES;
				CLANG_WARN_CONSTANT_CONVERSION = YES;
				CLANG_WARN_DEPRECATED_OBJC_IMPLEMENTATIONS = YES;
				CLANG_WARN_DIRECT_OBJC_ISA_USAGE = YES_ERROR;
				CLANG_WARN_DOCUMENTATION_COMMENTS = YES;
				CLANG_WARN_EMPTY_BODY = YES;
				CLANG_WARN_ENUM_CONVERSION = YES;
				CLANG_WARN_INFINITE_RECURSION = YES;
				CLANG_WARN_INT_CONVERSION = YES;
				CLANG_WARN_NON_LITERAL_NULL_CONVERSION = YES;
				CLANG_WARN_OBJC_IMPLICIT_RETAIN_SELF = YES;
				CLANG_WARN_OBJC_LITERAL_CONVERSION = YES;
				CLANG_WARN_OBJC_ROOT_CLASS = YES_ERROR;
				CLANG_WARN_QUOTED_INCLUDE_IN_FRAMEWORK_HEADER = YES;
				CLANG_WARN_RANGE_LOOP_ANALYSIS = YES;
				CLANG_WARN_STRICT_PROTOTYPES = YES;
				CLANG_WARN_SUSPICIOUS_MOVE = YES;
				CLANG_WARN_UNGUARDED_AVAILABILITY = YES_AGGRESSIVE;
				CLANG_WARN_UNREACHABLE_CODE = YES;
				CLANG_WARN__DUPLICATE_METHOD_MATCH = YES;
				COPY_PHASE_STRIP = NO;
				DEBUG_INFORMATION_FORMAT = "dwarf-with-dsym";
				ENABLE_NS_ASSERTIONS = NO;
				ENABLE_STRICT_OBJC_MSGSEND = YES;
				GCC_C_LANGUAGE_STANDARD = gnu11;
				GCC_NO_COMMON_BLOCKS = YES;
				GCC_WARN_64_TO_32_BIT_CONVERSION = YES;
				GCC_WARN_ABOUT_RETURN_TYPE = YES_ERROR;
				GCC_WARN_UNDECLARED_SELECTOR = YES;
				GCC_WARN_UNINITIALIZED_AUTOS = YES_AGGRESSIVE;
				GCC_WARN_UNUSED_FUNCTION = YES;
				GCC_WARN_UNUSED_VARIABLE = YES;
				IPHONEOS_DEPLOYMENT_TARGET = 14.4;
				MTL_ENABLE_DEBUG_INFO = NO;
				MTL_FAST_MATH = YES;
				SDKROOT = iphoneos;
				SWIFT_COMPILATION_MODE = wholemodule;
				SWIFT_OPTIMIZATION_LEVEL = "-O";
				VALIDATE_PRODUCT = YES;
			};
			name = Release;
		};
		ABE1B3B32625BD2900740F1E /* Debug */ = {
			isa = XCBuildConfiguration;
			buildSettings = {
				ASSETCATALOG_COMPILER_APPICON_NAME = AppIcon;
				ASSETCATALOG_COMPILER_GLOBAL_ACCENT_COLOR_NAME = AccentColor;
				CODE_SIGN_STYLE = Automatic;
				INFOPLIST_FILE = PersonsListApp/Support/Info.plist;
				LD_RUNPATH_SEARCH_PATHS = (
					"$(inherited)",
					"@executable_path/Frameworks",
				);
				PRODUCT_BUNDLE_IDENTIFIER = ru.tio.PersonsListApp;
				PRODUCT_NAME = "$(TARGET_NAME)";
				SWIFT_VERSION = 5.0;
				TARGETED_DEVICE_FAMILY = 1;
			};
			name = Debug;
		};
		ABE1B3B42625BD2900740F1E /* Release */ = {
			isa = XCBuildConfiguration;
			buildSettings = {
				ASSETCATALOG_COMPILER_APPICON_NAME = AppIcon;
				ASSETCATALOG_COMPILER_GLOBAL_ACCENT_COLOR_NAME = AccentColor;
				CODE_SIGN_STYLE = Automatic;
				INFOPLIST_FILE = PersonsListApp/Support/Info.plist;
				LD_RUNPATH_SEARCH_PATHS = (
					"$(inherited)",
					"@executable_path/Frameworks",
				);
				PRODUCT_BUNDLE_IDENTIFIER = ru.tio.PersonsListApp;
				PRODUCT_NAME = "$(TARGET_NAME)";
				SWIFT_VERSION = 5.0;
				TARGETED_DEVICE_FAMILY = 1;
			};
			name = Release;
		};
/* End XCBuildConfiguration section */

/* Begin XCConfigurationList section */
		ABE1B3992625BD2600740F1E /* Build configuration list for PBXProject "PersonsListApp" */ = {
			isa = XCConfigurationList;
			buildConfigurations = (
				ABE1B3B02625BD2900740F1E /* Debug */,
				ABE1B3B12625BD2900740F1E /* Release */,
			);
			defaultConfigurationIsVisible = 0;
			defaultConfigurationName = Release;
		};
		ABE1B3B22625BD2900740F1E /* Build configuration list for PBXNativeTarget "PersonsListApp" */ = {
			isa = XCConfigurationList;
			buildConfigurations = (
				ABE1B3B32625BD2900740F1E /* Debug */,
				ABE1B3B42625BD2900740F1E /* Release */,
			);
			defaultConfigurationIsVisible = 0;
			defaultConfigurationName = Release;
		};
/* End XCConfigurationList section */
	};
	rootObject = ABE1B3962625BD2600740F1E /* Project object */;
}
